
Microsoft Visual Studio Solution File, Format Version 12.00
# Visual Studio Version 17
VisualStudioVersion = 17.11.35312.102
MinimumVisualStudioVersion = 10.0.40219.1
Project("{FAE04EC0-301F-11D3-BF4B-00C04F79EFBC}") = "PALM_2_Lab_1", "PALM_2_Lab_1\PALM_2_Lab_1.csproj", "{9E10E308-2535-45F2-9AF9-71FAD1A06FE9}"
EndProject
Global
	GlobalSection(SolutionConfigurationPlatforms) = preSolution
		Debug|Any CPU = Debug|Any CPU
		Release|Any CPU = Release|Any CPU
	EndGlobalSection
	GlobalSection(ProjectConfigurationPlatforms) = postSolution
		{9E10E308-2535-45F2-9AF9-71FAD1A06FE9}.Debug|Any CPU.ActiveCfg = Debug|Any CPU
		{9E10E308-2535-45F2-9AF9-71FAD1A06FE9}.Debug|Any CPU.Build.0 = Debug|Any CPU
		{9E10E308-2535-45F2-9AF9-71FAD1A06FE9}.Release|Any CPU.ActiveCfg = Release|Any CPU
		{9E10E308-2535-45F2-9AF9-71FAD1A06FE9}.Release|Any CPU.Build.0 = Release|Any CPU
	EndGlobalSection
	GlobalSection(SolutionProperties) = preSolution
		HideSolutionNode = FALSE
	EndGlobalSection
	GlobalSection(ExtensibilityGlobals) = postSolution
		SolutionGuid = {BA28ED0A-F6D2-4354-98D0-E577F0507B36}
	EndGlobalSection
EndGlobal
